
Microsoft Visual Studio Solution File, Format Version 12.00
# Visual Studio Version 17
VisualStudioVersion = 17.0.32014.148
MinimumVisualStudioVersion = 10.0.40219.1
Project("{2150E333-8FDC-42A3-9474-1A3956D46DE8}") = "Solution Items", "Solution Items", "{9AFA102C-3B81-48EC-AB64-263095D2F8F3}"
	ProjectSection(SolutionItems) = preProject
		src\Wpf\AvpVideoPlayer.Wpf\LICENSE = src\Wpf\AvpVideoPlayer.Wpf\LICENSE
	EndProjectSection
EndProject
Project("{2150E333-8FDC-42A3-9474-1A3956D46DE8}") = "Src", "Src", "{2E225BDF-9201-4BD1-B538-EB6B7B639CAA}"
EndProject
Project("{9A19103F-16F7-4668-BE54-9A1E7A4F7556}") = "AvpVideoPlayer.Wpf", "src\Wpf\AvpVideoPlayer.Wpf\AvpVideoPlayer.Wpf.csproj", "{086D9F0E-F44D-4FDF-85EC-9839B0E7B47C}"
EndProject
Project("{9A19103F-16F7-4668-BE54-9A1E7A4F7556}") = "AvpVideoPlayer.ViewModels", "src\Wpf\AvpVideoPlayer.ViewModels\AvpVideoPlayer.ViewModels.csproj", "{1FEE38DF-EBCB-4D38-BB1B-8BF899550481}"
EndProject
Project("{9A19103F-16F7-4668-BE54-9A1E7A4F7556}") = "AvpVideoPlayer.Api", "src\Wpf\AvpVideoPlayer.Api\AvpVideoPlayer.Api.csproj", "{CD6432A6-E835-4E23-925A-C8BD78F7F7CF}"
EndProject
Project("{9A19103F-16F7-4668-BE54-9A1E7A4F7556}") = "AvpVideoPlayer.Utility", "src\Wpf\AvpVideoPlayer.Utility\AvpVideoPlayer.Utility.csproj", "{F42A9080-8CED-496B-BA75-3E94B98FF04C}"
EndProject
Project("{9A19103F-16F7-4668-BE54-9A1E7A4F7556}") = "AvpVideoPlayer.Configuration", "src\Wpf\AvpVideoPlayer.Configuration\AvpVideoPlayer.Configuration.csproj", "{5360E2A9-7712-4058-8219-019E71188762}"
EndProject
Project("{9A19103F-16F7-4668-BE54-9A1E7A4F7556}") = "AvpVideoPlayer.EventHub", "src\Wpf\AvpVideoPlayer.Events\AvpVideoPlayer.EventHub.csproj", "{27948F8A-8F2C-4384-B62B-9A594AF89100}"
EndProject
Project("{9A19103F-16F7-4668-BE54-9A1E7A4F7556}") = "AvpVideoPlayer.Video", "src\Wpf\AvpVideoPlayer.Video\AvpVideoPlayer.Video.csproj", "{A57D19BB-BFAF-4289-B277-AB2661C39FCF}"
EndProject
Project("{9A19103F-16F7-4668-BE54-9A1E7A4F7556}") = "AvpVideoPlayer.Localization", "src\Wpf\AvpVideoPlayer.Localization\AvpVideoPlayer.Localization.csproj", "{97780B9A-ABEC-498A-B297-97EB3E46897B}"
EndProject
Project("{2150E333-8FDC-42A3-9474-1A3956D46DE8}") = "Installer", "Installer", "{8A6AB50F-353A-4405-9719-FCBEB0A29670}"
EndProject
Project("{C7167F0D-BC9F-4E6E-AFE1-012C56B48DB5}") = "AvpVideoPlayer.Installer-Msix", "installer\AvpVideoPlayer.Installer-Msix\AvpVideoPlayer.Installer-Msix.wapproj", "{1BEA1E7F-9113-4CC8-8E63-37FDD6FB59B1}"
EndProject
Project("{2150E333-8FDC-42A3-9474-1A3956D46DE8}") = "Test", "Test", "{4D00D655-C83E-4181-A23F-8B9AB4E5B98A}"
EndProject
Project("{9A19103F-16F7-4668-BE54-9A1E7A4F7556}") = "AvpVideoPlayer.Api.Tests", "src\Wpf\AvpVideoPlayer.Api.Tests\AvpVideoPlayer.Api.Tests.csproj", "{8A582096-7A4E-4C18-AC84-8502D13311CC}"
EndProject
Project("{9A19103F-16F7-4668-BE54-9A1E7A4F7556}") = "AvpVideoPlayer.EventHub.Tests", "src\Wpf\AvpVideoPlayer.EventHub.Tests\AvpVideoPlayer.EventHub.Tests.csproj", "{AB2C8D95-E38B-42F9-96F4-57EDB65D2546}"
EndProject
Project("{9A19103F-16F7-4668-BE54-9A1E7A4F7556}") = "AvpVideoPlayer.Configuration.Tests", "src\Wpf\AvpVideoPlayer.Configuration.Tests\AvpVideoPlayer.Configuration.Tests.csproj", "{7C333FAE-F1DA-4111-9E43-3E941D0A4B2B}"
EndProject
Project("{9A19103F-16F7-4668-BE54-9A1E7A4F7556}") = "AvpVideoPlayer.Utility.Tests", "src\Wpf\AvpVideoPlayer.Utility.Tests\AvpVideoPlayer.Utility.Tests.csproj", "{8E615B70-6949-4D71-A864-F3152A9FC9EF}"
EndProject
Project("{9A19103F-16F7-4668-BE54-9A1E7A4F7556}") = "AvpVideoPlayer.ViewModels.Tests", "src\Wpf\AvpVideoPlayer.ViewModels.Tests\AvpVideoPlayer.ViewModels.Tests.csproj", "{E4781426-289E-4806-9B79-E05C8DCD8F91}"
EndProject
Project("{9A19103F-16F7-4668-BE54-9A1E7A4F7556}") = "AvpVideoPlayer.Video.Tests", "src\Wpf\AvpVideoPlayer.Video.Tests\AvpVideoPlayer.Video.Tests.csproj", "{A5BCE378-FBD4-4382-94AA-C55EC8AE01FE}"
EndProject
Project("{9A19103F-16F7-4668-BE54-9A1E7A4F7556}") = "AvpVideoPlayer.Extensibility", "src\Wpf\AvpVideoPlayer.Extensibility\AvpVideoPlayer.Extensibility.csproj", "{7F033C08-72AF-46C0-806F-1994FE7FCDF7}"
EndProject
Project("{9A19103F-16F7-4668-BE54-9A1E7A4F7556}") = "AvpVideoPlayer.Extensibility.Tests", "src\Wpf\AvpVideoPlayer.Extensibility.Tests\AvpVideoPlayer.Extensibility.Tests.csproj", "{39E41FA7-14A2-437B-A4E8-749E8F06CA4F}"
EndProject
Project("{9A19103F-16F7-4668-BE54-9A1E7A4F7556}") = "AvpVideoPlayer.MetaData", "src\Wpf\AvpVideoPlayer.MetaData\AvpVideoPlayer.MetaData.csproj", "{C2A19BF7-496E-40AD-B328-11B27919ED0A}"
EndProject
Project("{9A19103F-16F7-4668-BE54-9A1E7A4F7556}") = "AvpVideoPlayer.MetaData.Tests", "src\Wpf\AvpVideoPlayer.MetaData.Tests\AvpVideoPlayer.MetaData.Tests.csproj", "{900536E9-DAAC-4FB3-A906-FB7B38EE4468}"
EndProject
Project("{FAE04EC0-301F-11D3-BF4B-00C04F79EFBC}") = "AvpVideoPlayer.Subtitles", "Src\AvpVideoPlayer.Subtitles\AvpVideoPlayer.Subtitles.csproj", "{2BB1C0B9-B3A7-4A25-B184-F20BBA0E2122}"
EndProject
Project("{FAE04EC0-301F-11D3-BF4B-00C04F79EFBC}") = "AvpVideoPlayer.Subtitles.Tests", "Src\AvpVideoPlayer.Subtitles.Tests\AvpVideoPlayer.Subtitles.Tests.csproj", "{EC44BD0F-E5C0-47AB-AFF8-532295C620C2}"
EndProject
Project("{2150E333-8FDC-42A3-9474-1A3956D46DE8}") = "taglib-sharp", "taglib-sharp", "{8C24043C-CA43-444F-B412-7B4C8A244E14}"
EndProject
Project("{9A19103F-16F7-4668-BE54-9A1E7A4F7556}") = "TaglibSharp", "third-party\src\TaglibSharp\TaglibSharp.csproj", "{443C42CA-0D38-4F11-900A-C9A3449B57B5}"
EndProject
Global
	GlobalSection(SolutionConfigurationPlatforms) = preSolution
		Debug|Any CPU = Debug|Any CPU
		Debug|ARM = Debug|ARM
		Debug|ARM64 = Debug|ARM64
		Debug|x64 = Debug|x64
		Debug|x86 = Debug|x86
		Release|Any CPU = Release|Any CPU
		Release|ARM = Release|ARM
		Release|ARM64 = Release|ARM64
		Release|x64 = Release|x64
		Release|x86 = Release|x86
	EndGlobalSection
	GlobalSection(ProjectConfigurationPlatforms) = postSolution
		{086D9F0E-F44D-4FDF-85EC-9839B0E7B47C}.Debug|Any CPU.ActiveCfg = Debug|Any CPU
		{086D9F0E-F44D-4FDF-85EC-9839B0E7B47C}.Debug|Any CPU.Build.0 = Debug|Any CPU
		{086D9F0E-F44D-4FDF-85EC-9839B0E7B47C}.Debug|ARM.ActiveCfg = Debug|Any CPU
		{086D9F0E-F44D-4FDF-85EC-9839B0E7B47C}.Debug|ARM.Build.0 = Debug|Any CPU
		{086D9F0E-F44D-4FDF-85EC-9839B0E7B47C}.Debug|ARM64.ActiveCfg = Debug|Any CPU
		{086D9F0E-F44D-4FDF-85EC-9839B0E7B47C}.Debug|ARM64.Build.0 = Debug|Any CPU
		{086D9F0E-F44D-4FDF-85EC-9839B0E7B47C}.Debug|x64.ActiveCfg = Debug|Any CPU
		{086D9F0E-F44D-4FDF-85EC-9839B0E7B47C}.Debug|x64.Build.0 = Debug|Any CPU
		{086D9F0E-F44D-4FDF-85EC-9839B0E7B47C}.Debug|x86.ActiveCfg = Debug|Any CPU
		{086D9F0E-F44D-4FDF-85EC-9839B0E7B47C}.Debug|x86.Build.0 = Debug|Any CPU
		{086D9F0E-F44D-4FDF-85EC-9839B0E7B47C}.Release|Any CPU.ActiveCfg = Release|Any CPU
		{086D9F0E-F44D-4FDF-85EC-9839B0E7B47C}.Release|Any CPU.Build.0 = Release|Any CPU
		{086D9F0E-F44D-4FDF-85EC-9839B0E7B47C}.Release|ARM.ActiveCfg = Release|Any CPU
		{086D9F0E-F44D-4FDF-85EC-9839B0E7B47C}.Release|ARM.Build.0 = Release|Any CPU
		{086D9F0E-F44D-4FDF-85EC-9839B0E7B47C}.Release|ARM64.ActiveCfg = Release|Any CPU
		{086D9F0E-F44D-4FDF-85EC-9839B0E7B47C}.Release|ARM64.Build.0 = Release|Any CPU
		{086D9F0E-F44D-4FDF-85EC-9839B0E7B47C}.Release|x64.ActiveCfg = Release|Any CPU
		{086D9F0E-F44D-4FDF-85EC-9839B0E7B47C}.Release|x64.Build.0 = Release|Any CPU
		{086D9F0E-F44D-4FDF-85EC-9839B0E7B47C}.Release|x86.ActiveCfg = Release|Any CPU
		{086D9F0E-F44D-4FDF-85EC-9839B0E7B47C}.Release|x86.Build.0 = Release|Any CPU
		{1FEE38DF-EBCB-4D38-BB1B-8BF899550481}.Debug|Any CPU.ActiveCfg = Debug|Any CPU
		{1FEE38DF-EBCB-4D38-BB1B-8BF899550481}.Debug|Any CPU.Build.0 = Debug|Any CPU
		{1FEE38DF-EBCB-4D38-BB1B-8BF899550481}.Debug|ARM.ActiveCfg = Debug|Any CPU
		{1FEE38DF-EBCB-4D38-BB1B-8BF899550481}.Debug|ARM.Build.0 = Debug|Any CPU
		{1FEE38DF-EBCB-4D38-BB1B-8BF899550481}.Debug|ARM64.ActiveCfg = Debug|Any CPU
		{1FEE38DF-EBCB-4D38-BB1B-8BF899550481}.Debug|ARM64.Build.0 = Debug|Any CPU
		{1FEE38DF-EBCB-4D38-BB1B-8BF899550481}.Debug|x64.ActiveCfg = Debug|Any CPU
		{1FEE38DF-EBCB-4D38-BB1B-8BF899550481}.Debug|x64.Build.0 = Debug|Any CPU
		{1FEE38DF-EBCB-4D38-BB1B-8BF899550481}.Debug|x86.ActiveCfg = Debug|Any CPU
		{1FEE38DF-EBCB-4D38-BB1B-8BF899550481}.Debug|x86.Build.0 = Debug|Any CPU
		{1FEE38DF-EBCB-4D38-BB1B-8BF899550481}.Release|Any CPU.ActiveCfg = Release|Any CPU
		{1FEE38DF-EBCB-4D38-BB1B-8BF899550481}.Release|Any CPU.Build.0 = Release|Any CPU
		{1FEE38DF-EBCB-4D38-BB1B-8BF899550481}.Release|ARM.ActiveCfg = Release|Any CPU
		{1FEE38DF-EBCB-4D38-BB1B-8BF899550481}.Release|ARM.Build.0 = Release|Any CPU
		{1FEE38DF-EBCB-4D38-BB1B-8BF899550481}.Release|ARM64.ActiveCfg = Release|Any CPU
		{1FEE38DF-EBCB-4D38-BB1B-8BF899550481}.Release|ARM64.Build.0 = Release|Any CPU
		{1FEE38DF-EBCB-4D38-BB1B-8BF899550481}.Release|x64.ActiveCfg = Release|Any CPU
		{1FEE38DF-EBCB-4D38-BB1B-8BF899550481}.Release|x64.Build.0 = Release|Any CPU
		{1FEE38DF-EBCB-4D38-BB1B-8BF899550481}.Release|x86.ActiveCfg = Release|Any CPU
		{1FEE38DF-EBCB-4D38-BB1B-8BF899550481}.Release|x86.Build.0 = Release|Any CPU
		{CD6432A6-E835-4E23-925A-C8BD78F7F7CF}.Debug|Any CPU.ActiveCfg = Debug|Any CPU
		{CD6432A6-E835-4E23-925A-C8BD78F7F7CF}.Debug|Any CPU.Build.0 = Debug|Any CPU
		{CD6432A6-E835-4E23-925A-C8BD78F7F7CF}.Debug|ARM.ActiveCfg = Debug|Any CPU
		{CD6432A6-E835-4E23-925A-C8BD78F7F7CF}.Debug|ARM.Build.0 = Debug|Any CPU
		{CD6432A6-E835-4E23-925A-C8BD78F7F7CF}.Debug|ARM64.ActiveCfg = Debug|Any CPU
		{CD6432A6-E835-4E23-925A-C8BD78F7F7CF}.Debug|ARM64.Build.0 = Debug|Any CPU
		{CD6432A6-E835-4E23-925A-C8BD78F7F7CF}.Debug|x64.ActiveCfg = Debug|Any CPU
		{CD6432A6-E835-4E23-925A-C8BD78F7F7CF}.Debug|x64.Build.0 = Debug|Any CPU
		{CD6432A6-E835-4E23-925A-C8BD78F7F7CF}.Debug|x86.ActiveCfg = Debug|Any CPU
		{CD6432A6-E835-4E23-925A-C8BD78F7F7CF}.Debug|x86.Build.0 = Debug|Any CPU
		{CD6432A6-E835-4E23-925A-C8BD78F7F7CF}.Release|Any CPU.ActiveCfg = Release|Any CPU
		{CD6432A6-E835-4E23-925A-C8BD78F7F7CF}.Release|Any CPU.Build.0 = Release|Any CPU
		{CD6432A6-E835-4E23-925A-C8BD78F7F7CF}.Release|ARM.ActiveCfg = Release|Any CPU
		{CD6432A6-E835-4E23-925A-C8BD78F7F7CF}.Release|ARM.Build.0 = Release|Any CPU
		{CD6432A6-E835-4E23-925A-C8BD78F7F7CF}.Release|ARM64.ActiveCfg = Release|Any CPU
		{CD6432A6-E835-4E23-925A-C8BD78F7F7CF}.Release|ARM64.Build.0 = Release|Any CPU
		{CD6432A6-E835-4E23-925A-C8BD78F7F7CF}.Release|x64.ActiveCfg = Release|Any CPU
		{CD6432A6-E835-4E23-925A-C8BD78F7F7CF}.Release|x64.Build.0 = Release|Any CPU
		{CD6432A6-E835-4E23-925A-C8BD78F7F7CF}.Release|x86.ActiveCfg = Release|Any CPU
		{CD6432A6-E835-4E23-925A-C8BD78F7F7CF}.Release|x86.Build.0 = Release|Any CPU
		{F42A9080-8CED-496B-BA75-3E94B98FF04C}.Debug|Any CPU.ActiveCfg = Debug|Any CPU
		{F42A9080-8CED-496B-BA75-3E94B98FF04C}.Debug|Any CPU.Build.0 = Debug|Any CPU
		{F42A9080-8CED-496B-BA75-3E94B98FF04C}.Debug|ARM.ActiveCfg = Debug|Any CPU
		{F42A9080-8CED-496B-BA75-3E94B98FF04C}.Debug|ARM.Build.0 = Debug|Any CPU
		{F42A9080-8CED-496B-BA75-3E94B98FF04C}.Debug|ARM64.ActiveCfg = Debug|Any CPU
		{F42A9080-8CED-496B-BA75-3E94B98FF04C}.Debug|ARM64.Build.0 = Debug|Any CPU
		{F42A9080-8CED-496B-BA75-3E94B98FF04C}.Debug|x64.ActiveCfg = Debug|Any CPU
		{F42A9080-8CED-496B-BA75-3E94B98FF04C}.Debug|x64.Build.0 = Debug|Any CPU
		{F42A9080-8CED-496B-BA75-3E94B98FF04C}.Debug|x86.ActiveCfg = Debug|Any CPU
		{F42A9080-8CED-496B-BA75-3E94B98FF04C}.Debug|x86.Build.0 = Debug|Any CPU
		{F42A9080-8CED-496B-BA75-3E94B98FF04C}.Release|Any CPU.ActiveCfg = Release|Any CPU
		{F42A9080-8CED-496B-BA75-3E94B98FF04C}.Release|Any CPU.Build.0 = Release|Any CPU
		{F42A9080-8CED-496B-BA75-3E94B98FF04C}.Release|ARM.ActiveCfg = Release|Any CPU
		{F42A9080-8CED-496B-BA75-3E94B98FF04C}.Release|ARM.Build.0 = Release|Any CPU
		{F42A9080-8CED-496B-BA75-3E94B98FF04C}.Release|ARM64.ActiveCfg = Release|Any CPU
		{F42A9080-8CED-496B-BA75-3E94B98FF04C}.Release|ARM64.Build.0 = Release|Any CPU
		{F42A9080-8CED-496B-BA75-3E94B98FF04C}.Release|x64.ActiveCfg = Release|Any CPU
		{F42A9080-8CED-496B-BA75-3E94B98FF04C}.Release|x64.Build.0 = Release|Any CPU
		{F42A9080-8CED-496B-BA75-3E94B98FF04C}.Release|x86.ActiveCfg = Release|Any CPU
		{F42A9080-8CED-496B-BA75-3E94B98FF04C}.Release|x86.Build.0 = Release|Any CPU
		{5360E2A9-7712-4058-8219-019E71188762}.Debug|Any CPU.ActiveCfg = Debug|Any CPU
		{5360E2A9-7712-4058-8219-019E71188762}.Debug|Any CPU.Build.0 = Debug|Any CPU
		{5360E2A9-7712-4058-8219-019E71188762}.Debug|ARM.ActiveCfg = Debug|Any CPU
		{5360E2A9-7712-4058-8219-019E71188762}.Debug|ARM.Build.0 = Debug|Any CPU
		{5360E2A9-7712-4058-8219-019E71188762}.Debug|ARM64.ActiveCfg = Debug|Any CPU
		{5360E2A9-7712-4058-8219-019E71188762}.Debug|ARM64.Build.0 = Debug|Any CPU
		{5360E2A9-7712-4058-8219-019E71188762}.Debug|x64.ActiveCfg = Debug|Any CPU
		{5360E2A9-7712-4058-8219-019E71188762}.Debug|x64.Build.0 = Debug|Any CPU
		{5360E2A9-7712-4058-8219-019E71188762}.Debug|x86.ActiveCfg = Debug|Any CPU
		{5360E2A9-7712-4058-8219-019E71188762}.Debug|x86.Build.0 = Debug|Any CPU
		{5360E2A9-7712-4058-8219-019E71188762}.Release|Any CPU.ActiveCfg = Release|Any CPU
		{5360E2A9-7712-4058-8219-019E71188762}.Release|Any CPU.Build.0 = Release|Any CPU
		{5360E2A9-7712-4058-8219-019E71188762}.Release|ARM.ActiveCfg = Release|Any CPU
		{5360E2A9-7712-4058-8219-019E71188762}.Release|ARM.Build.0 = Release|Any CPU
		{5360E2A9-7712-4058-8219-019E71188762}.Release|ARM64.ActiveCfg = Release|Any CPU
		{5360E2A9-7712-4058-8219-019E71188762}.Release|ARM64.Build.0 = Release|Any CPU
		{5360E2A9-7712-4058-8219-019E71188762}.Release|x64.ActiveCfg = Release|Any CPU
		{5360E2A9-7712-4058-8219-019E71188762}.Release|x64.Build.0 = Release|Any CPU
		{5360E2A9-7712-4058-8219-019E71188762}.Release|x86.ActiveCfg = Release|Any CPU
		{5360E2A9-7712-4058-8219-019E71188762}.Release|x86.Build.0 = Release|Any CPU
		{27948F8A-8F2C-4384-B62B-9A594AF89100}.Debug|Any CPU.ActiveCfg = Debug|Any CPU
		{27948F8A-8F2C-4384-B62B-9A594AF89100}.Debug|Any CPU.Build.0 = Debug|Any CPU
		{27948F8A-8F2C-4384-B62B-9A594AF89100}.Debug|ARM.ActiveCfg = Debug|Any CPU
		{27948F8A-8F2C-4384-B62B-9A594AF89100}.Debug|ARM.Build.0 = Debug|Any CPU
		{27948F8A-8F2C-4384-B62B-9A594AF89100}.Debug|ARM64.ActiveCfg = Debug|Any CPU
		{27948F8A-8F2C-4384-B62B-9A594AF89100}.Debug|ARM64.Build.0 = Debug|Any CPU
		{27948F8A-8F2C-4384-B62B-9A594AF89100}.Debug|x64.ActiveCfg = Debug|Any CPU
		{27948F8A-8F2C-4384-B62B-9A594AF89100}.Debug|x64.Build.0 = Debug|Any CPU
		{27948F8A-8F2C-4384-B62B-9A594AF89100}.Debug|x86.ActiveCfg = Debug|Any CPU
		{27948F8A-8F2C-4384-B62B-9A594AF89100}.Debug|x86.Build.0 = Debug|Any CPU
		{27948F8A-8F2C-4384-B62B-9A594AF89100}.Release|Any CPU.ActiveCfg = Release|Any CPU
		{27948F8A-8F2C-4384-B62B-9A594AF89100}.Release|Any CPU.Build.0 = Release|Any CPU
		{27948F8A-8F2C-4384-B62B-9A594AF89100}.Release|ARM.ActiveCfg = Release|Any CPU
		{27948F8A-8F2C-4384-B62B-9A594AF89100}.Release|ARM.Build.0 = Release|Any CPU
		{27948F8A-8F2C-4384-B62B-9A594AF89100}.Release|ARM64.ActiveCfg = Release|Any CPU
		{27948F8A-8F2C-4384-B62B-9A594AF89100}.Release|ARM64.Build.0 = Release|Any CPU
		{27948F8A-8F2C-4384-B62B-9A594AF89100}.Release|x64.ActiveCfg = Release|Any CPU
		{27948F8A-8F2C-4384-B62B-9A594AF89100}.Release|x64.Build.0 = Release|Any CPU
		{27948F8A-8F2C-4384-B62B-9A594AF89100}.Release|x86.ActiveCfg = Release|Any CPU
		{27948F8A-8F2C-4384-B62B-9A594AF89100}.Release|x86.Build.0 = Release|Any CPU
		{A57D19BB-BFAF-4289-B277-AB2661C39FCF}.Debug|Any CPU.ActiveCfg = Debug|Any CPU
		{A57D19BB-BFAF-4289-B277-AB2661C39FCF}.Debug|Any CPU.Build.0 = Debug|Any CPU
		{A57D19BB-BFAF-4289-B277-AB2661C39FCF}.Debug|ARM.ActiveCfg = Debug|Any CPU
		{A57D19BB-BFAF-4289-B277-AB2661C39FCF}.Debug|ARM.Build.0 = Debug|Any CPU
		{A57D19BB-BFAF-4289-B277-AB2661C39FCF}.Debug|ARM64.ActiveCfg = Debug|Any CPU
		{A57D19BB-BFAF-4289-B277-AB2661C39FCF}.Debug|ARM64.Build.0 = Debug|Any CPU
		{A57D19BB-BFAF-4289-B277-AB2661C39FCF}.Debug|x64.ActiveCfg = Debug|Any CPU
		{A57D19BB-BFAF-4289-B277-AB2661C39FCF}.Debug|x64.Build.0 = Debug|Any CPU
		{A57D19BB-BFAF-4289-B277-AB2661C39FCF}.Debug|x86.ActiveCfg = Debug|Any CPU
		{A57D19BB-BFAF-4289-B277-AB2661C39FCF}.Debug|x86.Build.0 = Debug|Any CPU
		{A57D19BB-BFAF-4289-B277-AB2661C39FCF}.Release|Any CPU.ActiveCfg = Release|Any CPU
		{A57D19BB-BFAF-4289-B277-AB2661C39FCF}.Release|Any CPU.Build.0 = Release|Any CPU
		{A57D19BB-BFAF-4289-B277-AB2661C39FCF}.Release|ARM.ActiveCfg = Release|Any CPU
		{A57D19BB-BFAF-4289-B277-AB2661C39FCF}.Release|ARM.Build.0 = Release|Any CPU
		{A57D19BB-BFAF-4289-B277-AB2661C39FCF}.Release|ARM64.ActiveCfg = Release|Any CPU
		{A57D19BB-BFAF-4289-B277-AB2661C39FCF}.Release|ARM64.Build.0 = Release|Any CPU
		{A57D19BB-BFAF-4289-B277-AB2661C39FCF}.Release|x64.ActiveCfg = Release|Any CPU
		{A57D19BB-BFAF-4289-B277-AB2661C39FCF}.Release|x64.Build.0 = Release|Any CPU
		{A57D19BB-BFAF-4289-B277-AB2661C39FCF}.Release|x86.ActiveCfg = Release|Any CPU
		{A57D19BB-BFAF-4289-B277-AB2661C39FCF}.Release|x86.Build.0 = Release|Any CPU
		{97780B9A-ABEC-498A-B297-97EB3E46897B}.Debug|Any CPU.ActiveCfg = Debug|Any CPU
		{97780B9A-ABEC-498A-B297-97EB3E46897B}.Debug|Any CPU.Build.0 = Debug|Any CPU
		{97780B9A-ABEC-498A-B297-97EB3E46897B}.Debug|ARM.ActiveCfg = Debug|Any CPU
		{97780B9A-ABEC-498A-B297-97EB3E46897B}.Debug|ARM.Build.0 = Debug|Any CPU
		{97780B9A-ABEC-498A-B297-97EB3E46897B}.Debug|ARM64.ActiveCfg = Debug|Any CPU
		{97780B9A-ABEC-498A-B297-97EB3E46897B}.Debug|ARM64.Build.0 = Debug|Any CPU
		{97780B9A-ABEC-498A-B297-97EB3E46897B}.Debug|x64.ActiveCfg = Debug|Any CPU
		{97780B9A-ABEC-498A-B297-97EB3E46897B}.Debug|x64.Build.0 = Debug|Any CPU
		{97780B9A-ABEC-498A-B297-97EB3E46897B}.Debug|x86.ActiveCfg = Debug|Any CPU
		{97780B9A-ABEC-498A-B297-97EB3E46897B}.Debug|x86.Build.0 = Debug|Any CPU
		{97780B9A-ABEC-498A-B297-97EB3E46897B}.Release|Any CPU.ActiveCfg = Release|Any CPU
		{97780B9A-ABEC-498A-B297-97EB3E46897B}.Release|Any CPU.Build.0 = Release|Any CPU
		{97780B9A-ABEC-498A-B297-97EB3E46897B}.Release|ARM.ActiveCfg = Release|Any CPU
		{97780B9A-ABEC-498A-B297-97EB3E46897B}.Release|ARM.Build.0 = Release|Any CPU
		{97780B9A-ABEC-498A-B297-97EB3E46897B}.Release|ARM64.ActiveCfg = Release|Any CPU
		{97780B9A-ABEC-498A-B297-97EB3E46897B}.Release|ARM64.Build.0 = Release|Any CPU
		{97780B9A-ABEC-498A-B297-97EB3E46897B}.Release|x64.ActiveCfg = Release|Any CPU
		{97780B9A-ABEC-498A-B297-97EB3E46897B}.Release|x64.Build.0 = Release|Any CPU
		{97780B9A-ABEC-498A-B297-97EB3E46897B}.Release|x86.ActiveCfg = Release|Any CPU
		{97780B9A-ABEC-498A-B297-97EB3E46897B}.Release|x86.Build.0 = Release|Any CPU
		{1BEA1E7F-9113-4CC8-8E63-37FDD6FB59B1}.Debug|Any CPU.ActiveCfg = Debug|Any CPU
		{1BEA1E7F-9113-4CC8-8E63-37FDD6FB59B1}.Debug|ARM.ActiveCfg = Debug|ARM
		{1BEA1E7F-9113-4CC8-8E63-37FDD6FB59B1}.Debug|ARM.Build.0 = Debug|ARM
		{1BEA1E7F-9113-4CC8-8E63-37FDD6FB59B1}.Debug|ARM.Deploy.0 = Debug|ARM
		{1BEA1E7F-9113-4CC8-8E63-37FDD6FB59B1}.Debug|ARM64.ActiveCfg = Debug|ARM64
		{1BEA1E7F-9113-4CC8-8E63-37FDD6FB59B1}.Debug|ARM64.Build.0 = Debug|ARM64
		{1BEA1E7F-9113-4CC8-8E63-37FDD6FB59B1}.Debug|ARM64.Deploy.0 = Debug|ARM64
		{1BEA1E7F-9113-4CC8-8E63-37FDD6FB59B1}.Debug|x64.ActiveCfg = Debug|x64
		{1BEA1E7F-9113-4CC8-8E63-37FDD6FB59B1}.Debug|x64.Build.0 = Debug|x64
		{1BEA1E7F-9113-4CC8-8E63-37FDD6FB59B1}.Debug|x64.Deploy.0 = Debug|x64
		{1BEA1E7F-9113-4CC8-8E63-37FDD6FB59B1}.Debug|x86.ActiveCfg = Debug|x86
		{1BEA1E7F-9113-4CC8-8E63-37FDD6FB59B1}.Debug|x86.Build.0 = Debug|x86
		{1BEA1E7F-9113-4CC8-8E63-37FDD6FB59B1}.Debug|x86.Deploy.0 = Debug|x86
		{1BEA1E7F-9113-4CC8-8E63-37FDD6FB59B1}.Release|Any CPU.ActiveCfg = Release|Any CPU
		{1BEA1E7F-9113-4CC8-8E63-37FDD6FB59B1}.Release|ARM.ActiveCfg = Release|ARM
		{1BEA1E7F-9113-4CC8-8E63-37FDD6FB59B1}.Release|ARM.Build.0 = Release|ARM
		{1BEA1E7F-9113-4CC8-8E63-37FDD6FB59B1}.Release|ARM.Deploy.0 = Release|ARM
		{1BEA1E7F-9113-4CC8-8E63-37FDD6FB59B1}.Release|ARM64.ActiveCfg = Release|ARM64
		{1BEA1E7F-9113-4CC8-8E63-37FDD6FB59B1}.Release|ARM64.Build.0 = Release|ARM64
		{1BEA1E7F-9113-4CC8-8E63-37FDD6FB59B1}.Release|ARM64.Deploy.0 = Release|ARM64
		{1BEA1E7F-9113-4CC8-8E63-37FDD6FB59B1}.Release|x64.ActiveCfg = Release|x64
		{1BEA1E7F-9113-4CC8-8E63-37FDD6FB59B1}.Release|x64.Build.0 = Release|x64
		{1BEA1E7F-9113-4CC8-8E63-37FDD6FB59B1}.Release|x64.Deploy.0 = Release|x64
		{1BEA1E7F-9113-4CC8-8E63-37FDD6FB59B1}.Release|x86.ActiveCfg = Release|Any CPU
		{8A582096-7A4E-4C18-AC84-8502D13311CC}.Debug|Any CPU.ActiveCfg = Debug|Any CPU
		{8A582096-7A4E-4C18-AC84-8502D13311CC}.Debug|Any CPU.Build.0 = Debug|Any CPU
		{8A582096-7A4E-4C18-AC84-8502D13311CC}.Debug|ARM.ActiveCfg = Debug|Any CPU
		{8A582096-7A4E-4C18-AC84-8502D13311CC}.Debug|ARM.Build.0 = Debug|Any CPU
		{8A582096-7A4E-4C18-AC84-8502D13311CC}.Debug|ARM64.ActiveCfg = Debug|Any CPU
		{8A582096-7A4E-4C18-AC84-8502D13311CC}.Debug|ARM64.Build.0 = Debug|Any CPU
		{8A582096-7A4E-4C18-AC84-8502D13311CC}.Debug|x64.ActiveCfg = Debug|Any CPU
		{8A582096-7A4E-4C18-AC84-8502D13311CC}.Debug|x64.Build.0 = Debug|Any CPU
		{8A582096-7A4E-4C18-AC84-8502D13311CC}.Debug|x86.ActiveCfg = Debug|Any CPU
		{8A582096-7A4E-4C18-AC84-8502D13311CC}.Debug|x86.Build.0 = Debug|Any CPU
		{8A582096-7A4E-4C18-AC84-8502D13311CC}.Release|Any CPU.ActiveCfg = Release|Any CPU
		{8A582096-7A4E-4C18-AC84-8502D13311CC}.Release|Any CPU.Build.0 = Release|Any CPU
		{8A582096-7A4E-4C18-AC84-8502D13311CC}.Release|ARM.ActiveCfg = Release|Any CPU
		{8A582096-7A4E-4C18-AC84-8502D13311CC}.Release|ARM.Build.0 = Release|Any CPU
		{8A582096-7A4E-4C18-AC84-8502D13311CC}.Release|ARM64.ActiveCfg = Release|Any CPU
		{8A582096-7A4E-4C18-AC84-8502D13311CC}.Release|ARM64.Build.0 = Release|Any CPU
		{8A582096-7A4E-4C18-AC84-8502D13311CC}.Release|x64.ActiveCfg = Release|Any CPU
		{8A582096-7A4E-4C18-AC84-8502D13311CC}.Release|x64.Build.0 = Release|Any CPU
		{8A582096-7A4E-4C18-AC84-8502D13311CC}.Release|x86.ActiveCfg = Release|Any CPU
		{8A582096-7A4E-4C18-AC84-8502D13311CC}.Release|x86.Build.0 = Release|Any CPU
		{AB2C8D95-E38B-42F9-96F4-57EDB65D2546}.Debug|Any CPU.ActiveCfg = Debug|Any CPU
		{AB2C8D95-E38B-42F9-96F4-57EDB65D2546}.Debug|Any CPU.Build.0 = Debug|Any CPU
		{AB2C8D95-E38B-42F9-96F4-57EDB65D2546}.Debug|ARM.ActiveCfg = Debug|Any CPU
		{AB2C8D95-E38B-42F9-96F4-57EDB65D2546}.Debug|ARM.Build.0 = Debug|Any CPU
		{AB2C8D95-E38B-42F9-96F4-57EDB65D2546}.Debug|ARM64.ActiveCfg = Debug|Any CPU
		{AB2C8D95-E38B-42F9-96F4-57EDB65D2546}.Debug|ARM64.Build.0 = Debug|Any CPU
		{AB2C8D95-E38B-42F9-96F4-57EDB65D2546}.Debug|x64.ActiveCfg = Debug|Any CPU
		{AB2C8D95-E38B-42F9-96F4-57EDB65D2546}.Debug|x64.Build.0 = Debug|Any CPU
		{AB2C8D95-E38B-42F9-96F4-57EDB65D2546}.Debug|x86.ActiveCfg = Debug|Any CPU
		{AB2C8D95-E38B-42F9-96F4-57EDB65D2546}.Debug|x86.Build.0 = Debug|Any CPU
		{AB2C8D95-E38B-42F9-96F4-57EDB65D2546}.Release|Any CPU.ActiveCfg = Release|Any CPU
		{AB2C8D95-E38B-42F9-96F4-57EDB65D2546}.Release|Any CPU.Build.0 = Release|Any CPU
		{AB2C8D95-E38B-42F9-96F4-57EDB65D2546}.Release|ARM.ActiveCfg = Release|Any CPU
		{AB2C8D95-E38B-42F9-96F4-57EDB65D2546}.Release|ARM.Build.0 = Release|Any CPU
		{AB2C8D95-E38B-42F9-96F4-57EDB65D2546}.Release|ARM64.ActiveCfg = Release|Any CPU
		{AB2C8D95-E38B-42F9-96F4-57EDB65D2546}.Release|ARM64.Build.0 = Release|Any CPU
		{AB2C8D95-E38B-42F9-96F4-57EDB65D2546}.Release|x64.ActiveCfg = Release|Any CPU
		{AB2C8D95-E38B-42F9-96F4-57EDB65D2546}.Release|x64.Build.0 = Release|Any CPU
		{AB2C8D95-E38B-42F9-96F4-57EDB65D2546}.Release|x86.ActiveCfg = Release|Any CPU
		{AB2C8D95-E38B-42F9-96F4-57EDB65D2546}.Release|x86.Build.0 = Release|Any CPU
		{7C333FAE-F1DA-4111-9E43-3E941D0A4B2B}.Debug|Any CPU.ActiveCfg = Debug|Any CPU
		{7C333FAE-F1DA-4111-9E43-3E941D0A4B2B}.Debug|Any CPU.Build.0 = Debug|Any CPU
		{7C333FAE-F1DA-4111-9E43-3E941D0A4B2B}.Debug|ARM.ActiveCfg = Debug|Any CPU
		{7C333FAE-F1DA-4111-9E43-3E941D0A4B2B}.Debug|ARM.Build.0 = Debug|Any CPU
		{7C333FAE-F1DA-4111-9E43-3E941D0A4B2B}.Debug|ARM64.ActiveCfg = Debug|Any CPU
		{7C333FAE-F1DA-4111-9E43-3E941D0A4B2B}.Debug|ARM64.Build.0 = Debug|Any CPU
		{7C333FAE-F1DA-4111-9E43-3E941D0A4B2B}.Debug|x64.ActiveCfg = Debug|Any CPU
		{7C333FAE-F1DA-4111-9E43-3E941D0A4B2B}.Debug|x64.Build.0 = Debug|Any CPU
		{7C333FAE-F1DA-4111-9E43-3E941D0A4B2B}.Debug|x86.ActiveCfg = Debug|Any CPU
		{7C333FAE-F1DA-4111-9E43-3E941D0A4B2B}.Debug|x86.Build.0 = Debug|Any CPU
		{7C333FAE-F1DA-4111-9E43-3E941D0A4B2B}.Release|Any CPU.ActiveCfg = Release|Any CPU
		{7C333FAE-F1DA-4111-9E43-3E941D0A4B2B}.Release|Any CPU.Build.0 = Release|Any CPU
		{7C333FAE-F1DA-4111-9E43-3E941D0A4B2B}.Release|ARM.ActiveCfg = Release|Any CPU
		{7C333FAE-F1DA-4111-9E43-3E941D0A4B2B}.Release|ARM.Build.0 = Release|Any CPU
		{7C333FAE-F1DA-4111-9E43-3E941D0A4B2B}.Release|ARM64.ActiveCfg = Release|Any CPU
		{7C333FAE-F1DA-4111-9E43-3E941D0A4B2B}.Release|ARM64.Build.0 = Release|Any CPU
		{7C333FAE-F1DA-4111-9E43-3E941D0A4B2B}.Release|x64.ActiveCfg = Release|Any CPU
		{7C333FAE-F1DA-4111-9E43-3E941D0A4B2B}.Release|x64.Build.0 = Release|Any CPU
		{7C333FAE-F1DA-4111-9E43-3E941D0A4B2B}.Release|x86.ActiveCfg = Release|Any CPU
		{7C333FAE-F1DA-4111-9E43-3E941D0A4B2B}.Release|x86.Build.0 = Release|Any CPU
		{8E615B70-6949-4D71-A864-F3152A9FC9EF}.Debug|Any CPU.ActiveCfg = Debug|Any CPU
		{8E615B70-6949-4D71-A864-F3152A9FC9EF}.Debug|Any CPU.Build.0 = Debug|Any CPU
		{8E615B70-6949-4D71-A864-F3152A9FC9EF}.Debug|ARM.ActiveCfg = Debug|Any CPU
		{8E615B70-6949-4D71-A864-F3152A9FC9EF}.Debug|ARM.Build.0 = Debug|Any CPU
		{8E615B70-6949-4D71-A864-F3152A9FC9EF}.Debug|ARM64.ActiveCfg = Debug|Any CPU
		{8E615B70-6949-4D71-A864-F3152A9FC9EF}.Debug|ARM64.Build.0 = Debug|Any CPU
		{8E615B70-6949-4D71-A864-F3152A9FC9EF}.Debug|x64.ActiveCfg = Debug|Any CPU
		{8E615B70-6949-4D71-A864-F3152A9FC9EF}.Debug|x64.Build.0 = Debug|Any CPU
		{8E615B70-6949-4D71-A864-F3152A9FC9EF}.Debug|x86.ActiveCfg = Debug|Any CPU
		{8E615B70-6949-4D71-A864-F3152A9FC9EF}.Debug|x86.Build.0 = Debug|Any CPU
		{8E615B70-6949-4D71-A864-F3152A9FC9EF}.Release|Any CPU.ActiveCfg = Release|Any CPU
		{8E615B70-6949-4D71-A864-F3152A9FC9EF}.Release|Any CPU.Build.0 = Release|Any CPU
		{8E615B70-6949-4D71-A864-F3152A9FC9EF}.Release|ARM.ActiveCfg = Release|Any CPU
		{8E615B70-6949-4D71-A864-F3152A9FC9EF}.Release|ARM.Build.0 = Release|Any CPU
		{8E615B70-6949-4D71-A864-F3152A9FC9EF}.Release|ARM64.ActiveCfg = Release|Any CPU
		{8E615B70-6949-4D71-A864-F3152A9FC9EF}.Release|ARM64.Build.0 = Release|Any CPU
		{8E615B70-6949-4D71-A864-F3152A9FC9EF}.Release|x64.ActiveCfg = Release|Any CPU
		{8E615B70-6949-4D71-A864-F3152A9FC9EF}.Release|x64.Build.0 = Release|Any CPU
		{8E615B70-6949-4D71-A864-F3152A9FC9EF}.Release|x86.ActiveCfg = Release|Any CPU
		{8E615B70-6949-4D71-A864-F3152A9FC9EF}.Release|x86.Build.0 = Release|Any CPU
		{E4781426-289E-4806-9B79-E05C8DCD8F91}.Debug|Any CPU.ActiveCfg = Debug|Any CPU
		{E4781426-289E-4806-9B79-E05C8DCD8F91}.Debug|Any CPU.Build.0 = Debug|Any CPU
		{E4781426-289E-4806-9B79-E05C8DCD8F91}.Debug|ARM.ActiveCfg = Debug|Any CPU
		{E4781426-289E-4806-9B79-E05C8DCD8F91}.Debug|ARM.Build.0 = Debug|Any CPU
		{E4781426-289E-4806-9B79-E05C8DCD8F91}.Debug|ARM64.ActiveCfg = Debug|Any CPU
		{E4781426-289E-4806-9B79-E05C8DCD8F91}.Debug|ARM64.Build.0 = Debug|Any CPU
		{E4781426-289E-4806-9B79-E05C8DCD8F91}.Debug|x64.ActiveCfg = Debug|Any CPU
		{E4781426-289E-4806-9B79-E05C8DCD8F91}.Debug|x64.Build.0 = Debug|Any CPU
		{E4781426-289E-4806-9B79-E05C8DCD8F91}.Debug|x86.ActiveCfg = Debug|Any CPU
		{E4781426-289E-4806-9B79-E05C8DCD8F91}.Debug|x86.Build.0 = Debug|Any CPU
		{E4781426-289E-4806-9B79-E05C8DCD8F91}.Release|Any CPU.ActiveCfg = Release|Any CPU
		{E4781426-289E-4806-9B79-E05C8DCD8F91}.Release|Any CPU.Build.0 = Release|Any CPU
		{E4781426-289E-4806-9B79-E05C8DCD8F91}.Release|ARM.ActiveCfg = Release|Any CPU
		{E4781426-289E-4806-9B79-E05C8DCD8F91}.Release|ARM.Build.0 = Release|Any CPU
		{E4781426-289E-4806-9B79-E05C8DCD8F91}.Release|ARM64.ActiveCfg = Release|Any CPU
		{E4781426-289E-4806-9B79-E05C8DCD8F91}.Release|ARM64.Build.0 = Release|Any CPU
		{E4781426-289E-4806-9B79-E05C8DCD8F91}.Release|x64.ActiveCfg = Release|Any CPU
		{E4781426-289E-4806-9B79-E05C8DCD8F91}.Release|x64.Build.0 = Release|Any CPU
		{E4781426-289E-4806-9B79-E05C8DCD8F91}.Release|x86.ActiveCfg = Release|Any CPU
		{E4781426-289E-4806-9B79-E05C8DCD8F91}.Release|x86.Build.0 = Release|Any CPU
		{A5BCE378-FBD4-4382-94AA-C55EC8AE01FE}.Debug|Any CPU.ActiveCfg = Debug|Any CPU
		{A5BCE378-FBD4-4382-94AA-C55EC8AE01FE}.Debug|Any CPU.Build.0 = Debug|Any CPU
		{A5BCE378-FBD4-4382-94AA-C55EC8AE01FE}.Debug|ARM.ActiveCfg = Debug|Any CPU
		{A5BCE378-FBD4-4382-94AA-C55EC8AE01FE}.Debug|ARM.Build.0 = Debug|Any CPU
		{A5BCE378-FBD4-4382-94AA-C55EC8AE01FE}.Debug|ARM64.ActiveCfg = Debug|Any CPU
		{A5BCE378-FBD4-4382-94AA-C55EC8AE01FE}.Debug|ARM64.Build.0 = Debug|Any CPU
		{A5BCE378-FBD4-4382-94AA-C55EC8AE01FE}.Debug|x64.ActiveCfg = Debug|Any CPU
		{A5BCE378-FBD4-4382-94AA-C55EC8AE01FE}.Debug|x64.Build.0 = Debug|Any CPU
		{A5BCE378-FBD4-4382-94AA-C55EC8AE01FE}.Debug|x86.ActiveCfg = Debug|Any CPU
		{A5BCE378-FBD4-4382-94AA-C55EC8AE01FE}.Debug|x86.Build.0 = Debug|Any CPU
		{A5BCE378-FBD4-4382-94AA-C55EC8AE01FE}.Release|Any CPU.ActiveCfg = Release|Any CPU
		{A5BCE378-FBD4-4382-94AA-C55EC8AE01FE}.Release|Any CPU.Build.0 = Release|Any CPU
		{A5BCE378-FBD4-4382-94AA-C55EC8AE01FE}.Release|ARM.ActiveCfg = Release|Any CPU
		{A5BCE378-FBD4-4382-94AA-C55EC8AE01FE}.Release|ARM.Build.0 = Release|Any CPU
		{A5BCE378-FBD4-4382-94AA-C55EC8AE01FE}.Release|ARM64.ActiveCfg = Release|Any CPU
		{A5BCE378-FBD4-4382-94AA-C55EC8AE01FE}.Release|ARM64.Build.0 = Release|Any CPU
		{A5BCE378-FBD4-4382-94AA-C55EC8AE01FE}.Release|x64.ActiveCfg = Release|Any CPU
		{A5BCE378-FBD4-4382-94AA-C55EC8AE01FE}.Release|x64.Build.0 = Release|Any CPU
		{A5BCE378-FBD4-4382-94AA-C55EC8AE01FE}.Release|x86.ActiveCfg = Release|Any CPU
		{A5BCE378-FBD4-4382-94AA-C55EC8AE01FE}.Release|x86.Build.0 = Release|Any CPU
		{7F033C08-72AF-46C0-806F-1994FE7FCDF7}.Debug|Any CPU.ActiveCfg = Debug|Any CPU
		{7F033C08-72AF-46C0-806F-1994FE7FCDF7}.Debug|Any CPU.Build.0 = Debug|Any CPU
		{7F033C08-72AF-46C0-806F-1994FE7FCDF7}.Debug|ARM.ActiveCfg = Debug|Any CPU
		{7F033C08-72AF-46C0-806F-1994FE7FCDF7}.Debug|ARM.Build.0 = Debug|Any CPU
		{7F033C08-72AF-46C0-806F-1994FE7FCDF7}.Debug|ARM64.ActiveCfg = Debug|Any CPU
		{7F033C08-72AF-46C0-806F-1994FE7FCDF7}.Debug|ARM64.Build.0 = Debug|Any CPU
		{7F033C08-72AF-46C0-806F-1994FE7FCDF7}.Debug|x64.ActiveCfg = Debug|Any CPU
		{7F033C08-72AF-46C0-806F-1994FE7FCDF7}.Debug|x64.Build.0 = Debug|Any CPU
		{7F033C08-72AF-46C0-806F-1994FE7FCDF7}.Debug|x86.ActiveCfg = Debug|Any CPU
		{7F033C08-72AF-46C0-806F-1994FE7FCDF7}.Debug|x86.Build.0 = Debug|Any CPU
		{7F033C08-72AF-46C0-806F-1994FE7FCDF7}.Release|Any CPU.ActiveCfg = Release|Any CPU
		{7F033C08-72AF-46C0-806F-1994FE7FCDF7}.Release|Any CPU.Build.0 = Release|Any CPU
		{7F033C08-72AF-46C0-806F-1994FE7FCDF7}.Release|ARM.ActiveCfg = Release|Any CPU
		{7F033C08-72AF-46C0-806F-1994FE7FCDF7}.Release|ARM.Build.0 = Release|Any CPU
		{7F033C08-72AF-46C0-806F-1994FE7FCDF7}.Release|ARM64.ActiveCfg = Release|Any CPU
		{7F033C08-72AF-46C0-806F-1994FE7FCDF7}.Release|ARM64.Build.0 = Release|Any CPU
		{7F033C08-72AF-46C0-806F-1994FE7FCDF7}.Release|x64.ActiveCfg = Release|Any CPU
		{7F033C08-72AF-46C0-806F-1994FE7FCDF7}.Release|x64.Build.0 = Release|Any CPU
		{7F033C08-72AF-46C0-806F-1994FE7FCDF7}.Release|x86.ActiveCfg = Release|Any CPU
		{7F033C08-72AF-46C0-806F-1994FE7FCDF7}.Release|x86.Build.0 = Release|Any CPU
		{39E41FA7-14A2-437B-A4E8-749E8F06CA4F}.Debug|Any CPU.ActiveCfg = Debug|Any CPU
		{39E41FA7-14A2-437B-A4E8-749E8F06CA4F}.Debug|Any CPU.Build.0 = Debug|Any CPU
		{39E41FA7-14A2-437B-A4E8-749E8F06CA4F}.Debug|ARM.ActiveCfg = Debug|Any CPU
		{39E41FA7-14A2-437B-A4E8-749E8F06CA4F}.Debug|ARM.Build.0 = Debug|Any CPU
		{39E41FA7-14A2-437B-A4E8-749E8F06CA4F}.Debug|ARM64.ActiveCfg = Debug|Any CPU
		{39E41FA7-14A2-437B-A4E8-749E8F06CA4F}.Debug|ARM64.Build.0 = Debug|Any CPU
		{39E41FA7-14A2-437B-A4E8-749E8F06CA4F}.Debug|x64.ActiveCfg = Debug|Any CPU
		{39E41FA7-14A2-437B-A4E8-749E8F06CA4F}.Debug|x64.Build.0 = Debug|Any CPU
		{39E41FA7-14A2-437B-A4E8-749E8F06CA4F}.Debug|x86.ActiveCfg = Debug|Any CPU
		{39E41FA7-14A2-437B-A4E8-749E8F06CA4F}.Debug|x86.Build.0 = Debug|Any CPU
		{39E41FA7-14A2-437B-A4E8-749E8F06CA4F}.Release|Any CPU.ActiveCfg = Release|Any CPU
		{39E41FA7-14A2-437B-A4E8-749E8F06CA4F}.Release|Any CPU.Build.0 = Release|Any CPU
		{39E41FA7-14A2-437B-A4E8-749E8F06CA4F}.Release|ARM.ActiveCfg = Release|Any CPU
		{39E41FA7-14A2-437B-A4E8-749E8F06CA4F}.Release|ARM.Build.0 = Release|Any CPU
		{39E41FA7-14A2-437B-A4E8-749E8F06CA4F}.Release|ARM64.ActiveCfg = Release|Any CPU
		{39E41FA7-14A2-437B-A4E8-749E8F06CA4F}.Release|ARM64.Build.0 = Release|Any CPU
		{39E41FA7-14A2-437B-A4E8-749E8F06CA4F}.Release|x64.ActiveCfg = Release|Any CPU
		{39E41FA7-14A2-437B-A4E8-749E8F06CA4F}.Release|x64.Build.0 = Release|Any CPU
		{39E41FA7-14A2-437B-A4E8-749E8F06CA4F}.Release|x86.ActiveCfg = Release|Any CPU
		{39E41FA7-14A2-437B-A4E8-749E8F06CA4F}.Release|x86.Build.0 = Release|Any CPU
		{C2A19BF7-496E-40AD-B328-11B27919ED0A}.Debug|Any CPU.ActiveCfg = Debug|Any CPU
		{C2A19BF7-496E-40AD-B328-11B27919ED0A}.Debug|Any CPU.Build.0 = Debug|Any CPU
		{C2A19BF7-496E-40AD-B328-11B27919ED0A}.Debug|ARM.ActiveCfg = Debug|Any CPU
		{C2A19BF7-496E-40AD-B328-11B27919ED0A}.Debug|ARM.Build.0 = Debug|Any CPU
		{C2A19BF7-496E-40AD-B328-11B27919ED0A}.Debug|ARM64.ActiveCfg = Debug|Any CPU
		{C2A19BF7-496E-40AD-B328-11B27919ED0A}.Debug|ARM64.Build.0 = Debug|Any CPU
		{C2A19BF7-496E-40AD-B328-11B27919ED0A}.Debug|x64.ActiveCfg = Debug|Any CPU
		{C2A19BF7-496E-40AD-B328-11B27919ED0A}.Debug|x64.Build.0 = Debug|Any CPU
		{C2A19BF7-496E-40AD-B328-11B27919ED0A}.Debug|x86.ActiveCfg = Debug|Any CPU
		{C2A19BF7-496E-40AD-B328-11B27919ED0A}.Debug|x86.Build.0 = Debug|Any CPU
		{C2A19BF7-496E-40AD-B328-11B27919ED0A}.Release|Any CPU.ActiveCfg = Release|Any CPU
		{C2A19BF7-496E-40AD-B328-11B27919ED0A}.Release|Any CPU.Build.0 = Release|Any CPU
		{C2A19BF7-496E-40AD-B328-11B27919ED0A}.Release|ARM.ActiveCfg = Release|Any CPU
		{C2A19BF7-496E-40AD-B328-11B27919ED0A}.Release|ARM.Build.0 = Release|Any CPU
		{C2A19BF7-496E-40AD-B328-11B27919ED0A}.Release|ARM64.ActiveCfg = Release|Any CPU
		{C2A19BF7-496E-40AD-B328-11B27919ED0A}.Release|ARM64.Build.0 = Release|Any CPU
		{C2A19BF7-496E-40AD-B328-11B27919ED0A}.Release|x64.ActiveCfg = Release|Any CPU
		{C2A19BF7-496E-40AD-B328-11B27919ED0A}.Release|x64.Build.0 = Release|Any CPU
		{C2A19BF7-496E-40AD-B328-11B27919ED0A}.Release|x86.ActiveCfg = Release|Any CPU
		{C2A19BF7-496E-40AD-B328-11B27919ED0A}.Release|x86.Build.0 = Release|Any CPU
		{900536E9-DAAC-4FB3-A906-FB7B38EE4468}.Debug|Any CPU.ActiveCfg = Debug|Any CPU
		{900536E9-DAAC-4FB3-A906-FB7B38EE4468}.Debug|Any CPU.Build.0 = Debug|Any CPU
		{900536E9-DAAC-4FB3-A906-FB7B38EE4468}.Debug|ARM.ActiveCfg = Debug|Any CPU
		{900536E9-DAAC-4FB3-A906-FB7B38EE4468}.Debug|ARM.Build.0 = Debug|Any CPU
		{900536E9-DAAC-4FB3-A906-FB7B38EE4468}.Debug|ARM64.ActiveCfg = Debug|Any CPU
		{900536E9-DAAC-4FB3-A906-FB7B38EE4468}.Debug|ARM64.Build.0 = Debug|Any CPU
		{900536E9-DAAC-4FB3-A906-FB7B38EE4468}.Debug|x64.ActiveCfg = Debug|Any CPU
		{900536E9-DAAC-4FB3-A906-FB7B38EE4468}.Debug|x64.Build.0 = Debug|Any CPU
		{900536E9-DAAC-4FB3-A906-FB7B38EE4468}.Debug|x86.ActiveCfg = Debug|Any CPU
		{900536E9-DAAC-4FB3-A906-FB7B38EE4468}.Debug|x86.Build.0 = Debug|Any CPU
		{900536E9-DAAC-4FB3-A906-FB7B38EE4468}.Release|Any CPU.ActiveCfg = Release|Any CPU
		{900536E9-DAAC-4FB3-A906-FB7B38EE4468}.Release|Any CPU.Build.0 = Release|Any CPU
		{900536E9-DAAC-4FB3-A906-FB7B38EE4468}.Release|ARM.ActiveCfg = Release|Any CPU
		{900536E9-DAAC-4FB3-A906-FB7B38EE4468}.Release|ARM.Build.0 = Release|Any CPU
		{900536E9-DAAC-4FB3-A906-FB7B38EE4468}.Release|ARM64.ActiveCfg = Release|Any CPU
		{900536E9-DAAC-4FB3-A906-FB7B38EE4468}.Release|ARM64.Build.0 = Release|Any CPU
		{900536E9-DAAC-4FB3-A906-FB7B38EE4468}.Release|x64.ActiveCfg = Release|Any CPU
		{900536E9-DAAC-4FB3-A906-FB7B38EE4468}.Release|x64.Build.0 = Release|Any CPU
		{900536E9-DAAC-4FB3-A906-FB7B38EE4468}.Release|x86.ActiveCfg = Release|Any CPU
		{900536E9-DAAC-4FB3-A906-FB7B38EE4468}.Release|x86.Build.0 = Release|Any CPU
		{2BB1C0B9-B3A7-4A25-B184-F20BBA0E2122}.Debug|Any CPU.ActiveCfg = Debug|Any CPU
		{2BB1C0B9-B3A7-4A25-B184-F20BBA0E2122}.Debug|Any CPU.Build.0 = Debug|Any CPU
		{2BB1C0B9-B3A7-4A25-B184-F20BBA0E2122}.Debug|ARM.ActiveCfg = Debug|Any CPU
		{2BB1C0B9-B3A7-4A25-B184-F20BBA0E2122}.Debug|ARM.Build.0 = Debug|Any CPU
		{2BB1C0B9-B3A7-4A25-B184-F20BBA0E2122}.Debug|ARM64.ActiveCfg = Debug|Any CPU
		{2BB1C0B9-B3A7-4A25-B184-F20BBA0E2122}.Debug|ARM64.Build.0 = Debug|Any CPU
		{2BB1C0B9-B3A7-4A25-B184-F20BBA0E2122}.Debug|x64.ActiveCfg = Debug|Any CPU
		{2BB1C0B9-B3A7-4A25-B184-F20BBA0E2122}.Debug|x64.Build.0 = Debug|Any CPU
		{2BB1C0B9-B3A7-4A25-B184-F20BBA0E2122}.Debug|x86.ActiveCfg = Debug|Any CPU
		{2BB1C0B9-B3A7-4A25-B184-F20BBA0E2122}.Debug|x86.Build.0 = Debug|Any CPU
		{2BB1C0B9-B3A7-4A25-B184-F20BBA0E2122}.Release|Any CPU.ActiveCfg = Release|Any CPU
		{2BB1C0B9-B3A7-4A25-B184-F20BBA0E2122}.Release|Any CPU.Build.0 = Release|Any CPU
		{2BB1C0B9-B3A7-4A25-B184-F20BBA0E2122}.Release|ARM.ActiveCfg = Release|Any CPU
		{2BB1C0B9-B3A7-4A25-B184-F20BBA0E2122}.Release|ARM.Build.0 = Release|Any CPU
		{2BB1C0B9-B3A7-4A25-B184-F20BBA0E2122}.Release|ARM64.ActiveCfg = Release|Any CPU
		{2BB1C0B9-B3A7-4A25-B184-F20BBA0E2122}.Release|ARM64.Build.0 = Release|Any CPU
		{2BB1C0B9-B3A7-4A25-B184-F20BBA0E2122}.Release|x64.ActiveCfg = Release|Any CPU
		{2BB1C0B9-B3A7-4A25-B184-F20BBA0E2122}.Release|x64.Build.0 = Release|Any CPU
		{2BB1C0B9-B3A7-4A25-B184-F20BBA0E2122}.Release|x86.ActiveCfg = Release|Any CPU
		{2BB1C0B9-B3A7-4A25-B184-F20BBA0E2122}.Release|x86.Build.0 = Release|Any CPU
		{EC44BD0F-E5C0-47AB-AFF8-532295C620C2}.Debug|Any CPU.ActiveCfg = Debug|Any CPU
		{EC44BD0F-E5C0-47AB-AFF8-532295C620C2}.Debug|Any CPU.Build.0 = Debug|Any CPU
		{EC44BD0F-E5C0-47AB-AFF8-532295C620C2}.Debug|ARM.ActiveCfg = Debug|Any CPU
		{EC44BD0F-E5C0-47AB-AFF8-532295C620C2}.Debug|ARM.Build.0 = Debug|Any CPU
		{EC44BD0F-E5C0-47AB-AFF8-532295C620C2}.Debug|ARM64.ActiveCfg = Debug|Any CPU
		{EC44BD0F-E5C0-47AB-AFF8-532295C620C2}.Debug|ARM64.Build.0 = Debug|Any CPU
		{EC44BD0F-E5C0-47AB-AFF8-532295C620C2}.Debug|x64.ActiveCfg = Debug|Any CPU
		{EC44BD0F-E5C0-47AB-AFF8-532295C620C2}.Debug|x64.Build.0 = Debug|Any CPU
		{EC44BD0F-E5C0-47AB-AFF8-532295C620C2}.Debug|x86.ActiveCfg = Debug|Any CPU
		{EC44BD0F-E5C0-47AB-AFF8-532295C620C2}.Debug|x86.Build.0 = Debug|Any CPU
		{EC44BD0F-E5C0-47AB-AFF8-532295C620C2}.Release|Any CPU.ActiveCfg = Release|Any CPU
		{EC44BD0F-E5C0-47AB-AFF8-532295C620C2}.Release|Any CPU.Build.0 = Release|Any CPU
		{EC44BD0F-E5C0-47AB-AFF8-532295C620C2}.Release|ARM.ActiveCfg = Release|Any CPU
		{EC44BD0F-E5C0-47AB-AFF8-532295C620C2}.Release|ARM.Build.0 = Release|Any CPU
		{EC44BD0F-E5C0-47AB-AFF8-532295C620C2}.Release|ARM64.ActiveCfg = Release|Any CPU
		{EC44BD0F-E5C0-47AB-AFF8-532295C620C2}.Release|ARM64.Build.0 = Release|Any CPU
		{EC44BD0F-E5C0-47AB-AFF8-532295C620C2}.Release|x64.ActiveCfg = Release|Any CPU
		{EC44BD0F-E5C0-47AB-AFF8-532295C620C2}.Release|x64.Build.0 = Release|Any CPU
		{EC44BD0F-E5C0-47AB-AFF8-532295C620C2}.Release|x86.ActiveCfg = Release|Any CPU
		{EC44BD0F-E5C0-47AB-AFF8-532295C620C2}.Release|x86.Build.0 = Release|Any CPU
		{443C42CA-0D38-4F11-900A-C9A3449B57B5}.Debug|Any CPU.ActiveCfg = Debug|Any CPU
		{443C42CA-0D38-4F11-900A-C9A3449B57B5}.Debug|Any CPU.Build.0 = Debug|Any CPU
		{443C42CA-0D38-4F11-900A-C9A3449B57B5}.Debug|ARM.ActiveCfg = Debug|Any CPU
		{443C42CA-0D38-4F11-900A-C9A3449B57B5}.Debug|ARM.Build.0 = Debug|Any CPU
		{443C42CA-0D38-4F11-900A-C9A3449B57B5}.Debug|ARM64.ActiveCfg = Debug|Any CPU
		{443C42CA-0D38-4F11-900A-C9A3449B57B5}.Debug|ARM64.Build.0 = Debug|Any CPU
		{443C42CA-0D38-4F11-900A-C9A3449B57B5}.Debug|x64.ActiveCfg = Debug|Any CPU
		{443C42CA-0D38-4F11-900A-C9A3449B57B5}.Debug|x64.Build.0 = Debug|Any CPU
		{443C42CA-0D38-4F11-900A-C9A3449B57B5}.Debug|x86.ActiveCfg = Debug|Any CPU
		{443C42CA-0D38-4F11-900A-C9A3449B57B5}.Debug|x86.Build.0 = Debug|Any CPU
		{443C42CA-0D38-4F11-900A-C9A3449B57B5}.Release|Any CPU.ActiveCfg = Release|Any CPU
		{443C42CA-0D38-4F11-900A-C9A3449B57B5}.Release|Any CPU.Build.0 = Release|Any CPU
		{443C42CA-0D38-4F11-900A-C9A3449B57B5}.Release|ARM.ActiveCfg = Release|Any CPU
		{443C42CA-0D38-4F11-900A-C9A3449B57B5}.Release|ARM.Build.0 = Release|Any CPU
		{443C42CA-0D38-4F11-900A-C9A3449B57B5}.Release|ARM64.ActiveCfg = Release|Any CPU
		{443C42CA-0D38-4F11-900A-C9A3449B57B5}.Release|ARM64.Build.0 = Release|Any CPU
		{443C42CA-0D38-4F11-900A-C9A3449B57B5}.Release|x64.ActiveCfg = Release|Any CPU
		{443C42CA-0D38-4F11-900A-C9A3449B57B5}.Release|x64.Build.0 = Release|Any CPU
		{443C42CA-0D38-4F11-900A-C9A3449B57B5}.Release|x86.ActiveCfg = Release|Any CPU
		{443C42CA-0D38-4F11-900A-C9A3449B57B5}.Release|x86.Build.0 = Release|Any CPU
	EndGlobalSection
	GlobalSection(SolutionProperties) = preSolution
		HideSolutionNode = FALSE
	EndGlobalSection
	GlobalSection(NestedProjects) = preSolution
		{086D9F0E-F44D-4FDF-85EC-9839B0E7B47C} = {2E225BDF-9201-4BD1-B538-EB6B7B639CAA}
		{1FEE38DF-EBCB-4D38-BB1B-8BF899550481} = {2E225BDF-9201-4BD1-B538-EB6B7B639CAA}
		{CD6432A6-E835-4E23-925A-C8BD78F7F7CF} = {2E225BDF-9201-4BD1-B538-EB6B7B639CAA}
		{F42A9080-8CED-496B-BA75-3E94B98FF04C} = {2E225BDF-9201-4BD1-B538-EB6B7B639CAA}
		{5360E2A9-7712-4058-8219-019E71188762} = {2E225BDF-9201-4BD1-B538-EB6B7B639CAA}
		{27948F8A-8F2C-4384-B62B-9A594AF89100} = {2E225BDF-9201-4BD1-B538-EB6B7B639CAA}
		{A57D19BB-BFAF-4289-B277-AB2661C39FCF} = {2E225BDF-9201-4BD1-B538-EB6B7B639CAA}
		{97780B9A-ABEC-498A-B297-97EB3E46897B} = {2E225BDF-9201-4BD1-B538-EB6B7B639CAA}
		{1BEA1E7F-9113-4CC8-8E63-37FDD6FB59B1} = {8A6AB50F-353A-4405-9719-FCBEB0A29670}
		{8A582096-7A4E-4C18-AC84-8502D13311CC} = {4D00D655-C83E-4181-A23F-8B9AB4E5B98A}
		{AB2C8D95-E38B-42F9-96F4-57EDB65D2546} = {4D00D655-C83E-4181-A23F-8B9AB4E5B98A}
		{7C333FAE-F1DA-4111-9E43-3E941D0A4B2B} = {4D00D655-C83E-4181-A23F-8B9AB4E5B98A}
		{8E615B70-6949-4D71-A864-F3152A9FC9EF} = {4D00D655-C83E-4181-A23F-8B9AB4E5B98A}
		{E4781426-289E-4806-9B79-E05C8DCD8F91} = {4D00D655-C83E-4181-A23F-8B9AB4E5B98A}
		{A5BCE378-FBD4-4382-94AA-C55EC8AE01FE} = {4D00D655-C83E-4181-A23F-8B9AB4E5B98A}
		{7F033C08-72AF-46C0-806F-1994FE7FCDF7} = {2E225BDF-9201-4BD1-B538-EB6B7B639CAA}
		{39E41FA7-14A2-437B-A4E8-749E8F06CA4F} = {4D00D655-C83E-4181-A23F-8B9AB4E5B98A}
		{C2A19BF7-496E-40AD-B328-11B27919ED0A} = {2E225BDF-9201-4BD1-B538-EB6B7B639CAA}
		{900536E9-DAAC-4FB3-A906-FB7B38EE4468} = {4D00D655-C83E-4181-A23F-8B9AB4E5B98A}
		{2BB1C0B9-B3A7-4A25-B184-F20BBA0E2122} = {2E225BDF-9201-4BD1-B538-EB6B7B639CAA}
		{EC44BD0F-E5C0-47AB-AFF8-532295C620C2} = {4D00D655-C83E-4181-A23F-8B9AB4E5B98A}
		{8C24043C-CA43-444F-B412-7B4C8A244E14} = {2E225BDF-9201-4BD1-B538-EB6B7B639CAA}
		{443C42CA-0D38-4F11-900A-C9A3449B57B5} = {8C24043C-CA43-444F-B412-7B4C8A244E14}
	EndGlobalSection
	GlobalSection(ExtensibilityGlobals) = postSolution
		SolutionGuid = {8D175D60-66BC-4BBB-92EB-00F95F64F798}
	EndGlobalSection
EndGlobal
