
Microsoft Visual Studio Solution File, Format Version 12.00
# Visual Studio Version 17
VisualStudioVersion = 17.0.32014.148
MinimumVisualStudioVersion = 10.0.40219.1
Project("{930C7802-8A8C-48F9-8165-68863BCCD9DD}") = "AvpVideoPlayer.Installer", "AvpVideoPlayer.Installer\AvpVideoPlayer.Installer.wixproj", "{065C5279-D0C7-47BE-9C4F-000473F8E6C2}"
EndProject
Project("{FAE04EC0-301F-11D3-BF4B-00C04F79EFBC}") = "AvpVideoPlayer.Installer.GenerateWix", "AvpVideoPlayer.Installer.GenerateWix\AvpVideoPlayer.Installer.GenerateWix.csproj", "{D132DB41-B5D8-44C7-AE37-A90E630E81AD}"
EndProject
Global
	GlobalSection(SolutionConfigurationPlatforms) = preSolution
		Debug|Any CPU = Debug|Any CPU
		Debug|x86 = Debug|x86
		Release|Any CPU = Release|Any CPU
		Release|x86 = Release|x86
	EndGlobalSection
	GlobalSection(ProjectConfigurationPlatforms) = postSolution
		{065C5279-D0C7-47BE-9C4F-000473F8E6C2}.Debug|Any CPU.ActiveCfg = Debug|x86
		{065C5279-D0C7-47BE-9C4F-000473F8E6C2}.Debug|Any CPU.Build.0 = Debug|x86
		{065C5279-D0C7-47BE-9C4F-000473F8E6C2}.Debug|x86.ActiveCfg = Debug|x86
		{065C5279-D0C7-47BE-9C4F-000473F8E6C2}.Debug|x86.Build.0 = Debug|x86
		{065C5279-D0C7-47BE-9C4F-000473F8E6C2}.Release|Any CPU.ActiveCfg = Release|x86
		{065C5279-D0C7-47BE-9C4F-000473F8E6C2}.Release|Any CPU.Build.0 = Release|x86
		{065C5279-D0C7-47BE-9C4F-000473F8E6C2}.Release|x86.ActiveCfg = Release|x86
		{065C5279-D0C7-47BE-9C4F-000473F8E6C2}.Release|x86.Build.0 = Release|x86
		{D132DB41-B5D8-44C7-AE37-A90E630E81AD}.Debug|Any CPU.ActiveCfg = Debug|Any CPU
		{D132DB41-B5D8-44C7-AE37-A90E630E81AD}.Debug|Any CPU.Build.0 = Debug|Any CPU
		{D132DB41-B5D8-44C7-AE37-A90E630E81AD}.Debug|x86.ActiveCfg = Debug|Any CPU
		{D132DB41-B5D8-44C7-AE37-A90E630E81AD}.Debug|x86.Build.0 = Debug|Any CPU
		{D132DB41-B5D8-44C7-AE37-A90E630E81AD}.Release|Any CPU.ActiveCfg = Release|Any CPU
		{D132DB41-B5D8-44C7-AE37-A90E630E81AD}.Release|Any CPU.Build.0 = Release|Any CPU
		{D132DB41-B5D8-44C7-AE37-A90E630E81AD}.Release|x86.ActiveCfg = Release|Any CPU
		{D132DB41-B5D8-44C7-AE37-A90E630E81AD}.Release|x86.Build.0 = Release|Any CPU
	EndGlobalSection
	GlobalSection(SolutionProperties) = preSolution
		HideSolutionNode = FALSE
	EndGlobalSection
	GlobalSection(ExtensibilityGlobals) = postSolution
		SolutionGuid = {70A92685-26C1-4044-B61D-D59043DFEE82}
	EndGlobalSection
EndGlobal
